<?xml version="1.0" encoding="utf-8"?>
<Project ToolsVersion="4.0" xmlns="http://schemas.microsoft.com/developer/msbuild/2003">
  <ItemGroup>
    <Filter Include="Source Files">
      <UniqueIdentifier>{4FC737F1-C7A5-4376-A066-2A32D752A2FF}</UniqueIdentifier>
      <Extensions>cpp;c;cc;cxx;c++;cppm;ixx;def;odl;idl;hpj;bat;asm;asmx</Extensions>
    </Filter>
    <Filter Include="Header Files">
      <UniqueIdentifier>{93995380-89BD-4b04-88EB-625FBE52EBFB}</UniqueIdentifier>
      <Extensions>h;hh;hpp;hxx;h++;hm;inl;inc;ipp;xsd</Extensions>
    </Filter>
    <Filter Include="Resource Files">
      <UniqueIdentifier>{67DA6AB6-F800-4c08-8B7A-83BB121AAD01}</UniqueIdentifier>
      <Extensions>rc;ico;cur;bmp;dlg;rc2;rct;bin;rgs;gif;jpg;jpeg;jpe;resx;tiff;tif;png;wav;mfcribbon-ms</Extensions>
    </Filter>
  </ItemGroup>
  <ItemGroup>
    <ClCompile Include="Forms\Register.cpp">
      <Filter>Source Files</Filter>
    </ClCompile>
    <ClCompile Include="Forms\Login.cpp">
      <Filter>Source Files</Filter>
    </ClCompile>
    <ClCompile Include="Forms\Home.cpp">
      <Filter>Source Files</Filter>
    </ClCompile>
    <ClCompile Include="Forms\BookSuggestions.cpp">
      <Filter>Source Files</Filter>
    </ClCompile>
    <ClCompile Include="Forms\Student.cpp">
      <Filter>Source Files</Filter>
    </ClCompile>
    <ClCompile Include="Forms\main.cpp">
      <Filter>Source Files</Filter>
    </ClCompile>
    <ClCompile Include="Forms\Books.cpp">
      <Filter>Source Files</Filter>
    </ClCompile>
    <ClCompile Include="Forms\Loan.cpp">
      <Filter>Source Files</Filter>
    </ClCompile>
    <ClCompile Include="Models\userModel.cpp">
      <Filter>Source Files</Filter>
    </ClCompile>
    <ClCompile Include="Controllers\userController.cpp">
      <Filter>Source Files</Filter>
    </ClCompile>
    <ClCompile Include="Database\DBConnection.cpp">
      <Filter>Source Files</Filter>
    </ClCompile>
    <ClCompile Include="Models\StudentModel.cpp">
      <Filter>Source Files</Filter>
    </ClCompile>
    <ClCompile Include="Controllers\StudentController.cpp">
      <Filter>Source Files</Filter>
    </ClCompile>
    <ClCompile Include="HelperMethods\UIHelper.cpp">
      <Filter>Source Files</Filter>
    </ClCompile>
    <ClCompile Include="Models\Book.cpp">
      <Filter>Source Files</Filter>
    </ClCompile>
    <ClCompile Include="Controllers\BookController.cpp">
      <Filter>Source Files</Filter>
    </ClCompile>
    <ClCompile Include="Controllers\LoanController.cpp">
      <Filter>Source Files</Filter>
    </ClCompile>
    <ClCompile Include="Models\LoanModel.cpp">
      <Filter>Source Files</Filter>
    </ClCompile>
    <ClCompile Include="Models\BookSuggestionModel.cpp">
      <Filter>Source Files</Filter>
    </ClCompile>
    <ClCompile Include="Controllers\BookSuggestionController.cpp">
      <Filter>Source Files</Filter>
    </ClCompile>
  </ItemGroup>
  <ItemGroup>
    <ClInclude Include="Forms\Register.h">
      <Filter>Header Files</Filter>
    </ClInclude>
    <ClInclude Include="Forms\Login.h">
      <Filter>Header Files</Filter>
    </ClInclude>
    <ClInclude Include="Forms\Home.h">
      <Filter>Header Files</Filter>
    </ClInclude>
    <ClInclude Include="Forms\BookSuggestions.h">
      <Filter>Header Files</Filter>
    </ClInclude>
    <ClInclude Include="Forms\Student.h">
      <Filter>Header Files</Filter>
    </ClInclude>
    <ClInclude Include="Forms\Books.h">
      <Filter>Header Files</Filter>
    </ClInclude>
    <ClInclude Include="Forms\Loan.h">
      <Filter>Header Files</Filter>
    </ClInclude>
    <ClInclude Include="Models\userModel.h">
      <Filter>Header Files</Filter>
    </ClInclude>
    <ClInclude Include="Controllers\userController.h">
      <Filter>Header Files</Filter>
    </ClInclude>
    <ClInclude Include="Database\DBConnection.h">
      <Filter>Header Files</Filter>
    </ClInclude>
    <ClInclude Include="Models\StudentModel.h">
      <Filter>Header Files</Filter>
    </ClInclude>
    <ClInclude Include="Controllers\StudentController.h">
      <Filter>Header Files</Filter>
    </ClInclude>
    <ClInclude Include="HelperMethods\UIHelper.h">
      <Filter>Header Files</Filter>
    </ClInclude>
    <ClInclude Include="Models\Book.h">
      <Filter>Header Files</Filter>
    </ClInclude>
    <ClInclude Include="Controllers\BookController.h">
      <Filter>Header Files</Filter>
    </ClInclude>
    <ClInclude Include="Controllers\LoanController.h">
      <Filter>Header Files</Filter>
    </ClInclude>
    <ClInclude Include="Models\LoanModel.h">
      <Filter>Header Files</Filter>
    </ClInclude>
    <ClInclude Include="Models\BookSuggestionModel.h">
      <Filter>Header Files</Filter>
    </ClInclude>
    <ClInclude Include="Controllers\BookSuggestionController.h">
      <Filter>Header Files</Filter>
    </ClInclude>
  </ItemGroup>
  <ItemGroup>
    <Image Include="Images\exit.png">
      <Filter>Resource Files</Filter>
    </Image>
    <Image Include="Images\exit2.png">
      <Filter>Resource Files</Filter>
    </Image>
    <Image Include="Images\Logo.png">
      <Filter>Resource Files</Filter>
    </Image>
    <Image Include="Images\min.png">
      <Filter>Resource Files</Filter>
    </Image>
  </ItemGroup>
</Project>